
Microsoft Visual Studio Solution File, Format Version 12.00
# Visual Studio Version 16
VisualStudioVersion = 16.0.30516.212
MinimumVisualStudioVersion = 15.0.26124.0
Project("{9A19103F-16F7-4668-BE54-9A1E7A4F7556}") = "ShaderSharp", "src\ShaderSharp\ShaderSharp.csproj", "{9B2EDCAC-4606-4848-9DB8-6BA48F465382}"
EndProject
Project("{9A19103F-16F7-4668-BE54-9A1E7A4F7556}") = "DeferredTest", "tests\DeferredTest\DeferredTest.csproj", "{C637E184-08F6-42D2-B176-C4B72E0D26EE}"
EndProject
Project("{2150E333-8FDC-42A3-9474-1A3956D46DE8}") = "Solution Items", "Solution Items", "{AE18C943-42FB-49E4-9061-A42BF5DA071F}"
	ProjectSection(SolutionItems) = preProject
		.editorconfig = .editorconfig
		.gitignore = .gitignore
		LICENSE = LICENSE
		README.md = README.md
	EndProjectSection
EndProject
Global
	GlobalSection(SolutionConfigurationPlatforms) = preSolution
		Debug|Any CPU = Debug|Any CPU
		Debug|x64 = Debug|x64
		Debug|x86 = Debug|x86
		Release|Any CPU = Release|Any CPU
		Release|x64 = Release|x64
		Release|x86 = Release|x86
	EndGlobalSection
	GlobalSection(ProjectConfigurationPlatforms) = postSolution
		{9B2EDCAC-4606-4848-9DB8-6BA48F465382}.Debug|Any CPU.ActiveCfg = Debug|Any CPU
		{9B2EDCAC-4606-4848-9DB8-6BA48F465382}.Debug|Any CPU.Build.0 = Debug|Any CPU
		{9B2EDCAC-4606-4848-9DB8-6BA48F465382}.Debug|x64.ActiveCfg = Debug|Any CPU
		{9B2EDCAC-4606-4848-9DB8-6BA48F465382}.Debug|x64.Build.0 = Debug|Any CPU
		{9B2EDCAC-4606-4848-9DB8-6BA48F465382}.Debug|x86.ActiveCfg = Debug|Any CPU
		{9B2EDCAC-4606-4848-9DB8-6BA48F465382}.Debug|x86.Build.0 = Debug|Any CPU
		{9B2EDCAC-4606-4848-9DB8-6BA48F465382}.Release|Any CPU.ActiveCfg = Release|Any CPU
		{9B2EDCAC-4606-4848-9DB8-6BA48F465382}.Release|Any CPU.Build.0 = Release|Any CPU
		{9B2EDCAC-4606-4848-9DB8-6BA48F465382}.Release|x64.ActiveCfg = Release|Any CPU
		{9B2EDCAC-4606-4848-9DB8-6BA48F465382}.Release|x64.Build.0 = Release|Any CPU
		{9B2EDCAC-4606-4848-9DB8-6BA48F465382}.Release|x86.ActiveCfg = Release|Any CPU
		{9B2EDCAC-4606-4848-9DB8-6BA48F465382}.Release|x86.Build.0 = Release|Any CPU
		{C637E184-08F6-42D2-B176-C4B72E0D26EE}.Debug|Any CPU.ActiveCfg = Debug|Any CPU
		{C637E184-08F6-42D2-B176-C4B72E0D26EE}.Debug|Any CPU.Build.0 = Debug|Any CPU
		{C637E184-08F6-42D2-B176-C4B72E0D26EE}.Debug|x64.ActiveCfg = Debug|Any CPU
		{C637E184-08F6-42D2-B176-C4B72E0D26EE}.Debug|x64.Build.0 = Debug|Any CPU
		{C637E184-08F6-42D2-B176-C4B72E0D26EE}.Debug|x86.ActiveCfg = Debug|Any CPU
		{C637E184-08F6-42D2-B176-C4B72E0D26EE}.Debug|x86.Build.0 = Debug|Any CPU
		{C637E184-08F6-42D2-B176-C4B72E0D26EE}.Release|Any CPU.ActiveCfg = Release|Any CPU
		{C637E184-08F6-42D2-B176-C4B72E0D26EE}.Release|Any CPU.Build.0 = Release|Any CPU
		{C637E184-08F6-42D2-B176-C4B72E0D26EE}.Release|x64.ActiveCfg = Release|Any CPU
		{C637E184-08F6-42D2-B176-C4B72E0D26EE}.Release|x64.Build.0 = Release|Any CPU
		{C637E184-08F6-42D2-B176-C4B72E0D26EE}.Release|x86.ActiveCfg = Release|Any CPU
		{C637E184-08F6-42D2-B176-C4B72E0D26EE}.Release|x86.Build.0 = Release|Any CPU
	EndGlobalSection
	GlobalSection(SolutionProperties) = preSolution
		HideSolutionNode = FALSE
	EndGlobalSection
	GlobalSection(ExtensibilityGlobals) = postSolution
		SolutionGuid = {B91F6F55-7BB3-4F76-BBCD-3B8B8DD17171}
	EndGlobalSection
EndGlobal
